
Microsoft Visual Studio Solution File, Format Version 12.00
# Visual Studio Version 17
VisualStudioVersion = 17.9.34622.214
MinimumVisualStudioVersion = 10.0.40219.1
Project("{FAE04EC0-301F-11D3-BF4B-00C04F79EFBC}") = "BeeManagementSystem", "BeeManagementSystem\BeeManagementSystem.csproj", "{57416767-ED12-48DE-AA69-B71EC41A7341}"
EndProject
Global
	GlobalSection(SolutionConfigurationPlatforms) = preSolution
		Debug|Any CPU = Debug|Any CPU
		Release|Any CPU = Release|Any CPU
	EndGlobalSection
	GlobalSection(ProjectConfigurationPlatforms) = postSolution
		{57416767-ED12-48DE-AA69-B71EC41A7341}.Debug|Any CPU.ActiveCfg = Debug|Any CPU
		{57416767-ED12-48DE-AA69-B71EC41A7341}.Debug|Any CPU.Build.0 = Debug|Any CPU
		{57416767-ED12-48DE-AA69-B71EC41A7341}.Release|Any CPU.ActiveCfg = Release|Any CPU
		{57416767-ED12-48DE-AA69-B71EC41A7341}.Release|Any CPU.Build.0 = Release|Any CPU
	EndGlobalSection
	GlobalSection(SolutionProperties) = preSolution
		HideSolutionNode = FALSE
	EndGlobalSection
	GlobalSection(ExtensibilityGlobals) = postSolution
		SolutionGuid = {D34F9CC3-A557-4313-82E1-60FD0EB21CE7}
	EndGlobalSection
EndGlobal
